// !$*UTF8*$!
{
	archiveVersion = 1;
	classes = {
	};
	objectVersion = 77;
	objects = {

/* Begin PBXContainerItemProxy section */
		FBCCB3102CC9C1D10075368E /* PBXContainerItemProxy */ = {
			isa = PBXContainerItemProxy;
			containerPortal = FBCCB2F62CC9C1CF0075368E /* Project object */;
			proxyType = 1;
			remoteGlobalIDString = FBCCB2FD2CC9C1CF0075368E;
			remoteInfo = SegundoParcial_19475;
		};
		FBCCB31A2CC9C1D10075368E /* PBXContainerItemProxy */ = {
			isa = PBXContainerItemProxy;
			containerPortal = FBCCB2F62CC9C1CF0075368E /* Project object */;
			proxyType = 1;
			remoteGlobalIDString = FBCCB2FD2CC9C1CF0075368E;
			remoteInfo = SegundoParcial_19475;
		};
/* End PBXContainerItemProxy section */

/* Begin PBXFileReference section */
		FBCCB2FE2CC9C1CF0075368E /* SegundoParcial_19475.app */ = {isa = PBXFileReference; explicitFileType = wrapper.application; includeInIndex = 0; path = SegundoParcial_19475.app; sourceTree = BUILT_PRODUCTS_DIR; };
		FBCCB30F2CC9C1D10075368E /* SegundoParcial_19475Tests.xctest */ = {isa = PBXFileReference; explicitFileType = wrapper.cfbundle; includeInIndex = 0; path = SegundoParcial_19475Tests.xctest; sourceTree = BUILT_PRODUCTS_DIR; };
		FBCCB3192CC9C1D10075368E /* SegundoParcial_19475UITests.xctest */ = {isa = PBXFileReference; explicitFileType = wrapper.cfbundle; includeInIndex = 0; path = SegundoParcial_19475UITests.xctest; sourceTree = BUILT_PRODUCTS_DIR; };
/* End PBXFileReference section */

/* Begin PBXFileSystemSynchronizedRootGroup section */
		FBCCB3002CC9C1CF0075368E /* SegundoParcial_19475 */ = {
			isa = PBXFileSystemSynchronizedRootGroup;
			path = SegundoParcial_19475;
			sourceTree = "<group>";
		};
		FBCCB3122CC9C1D10075368E /* SegundoParcial_19475Tests */ = {
			isa = PBXFileSystemSynchronizedRootGroup;
			path = SegundoParcial_19475Tests;
			sourceTree = "<group>";
		};
		FBCCB31C2CC9C1D10075368E /* SegundoParcial_19475UITests */ = {
			isa = PBXFileSystemSynchronizedRootGroup;
			path = SegundoParcial_19475UITests;
			sourceTree = "<group>";
		};
/* End PBXFileSystemSynchronizedRootGroup section */

/* Begin PBXFrameworksBuildPhase section */
		FBCCB2FB2CC9C1CF0075368E /* Frameworks */ = {
			isa = PBXFrameworksBuildPhase;
			buildActionMask = 2147483647;
			files = (
			);
			runOnlyForDeploymentPostprocessing = 0;
		};
		FBCCB30C2CC9C1D10075368E /* Frameworks */ = {
			isa = PBXFrameworksBuildPhase;
			buildActionMask = 2147483647;
			files = (
			);
			runOnlyForDeploymentPostprocessing = 0;
		};
		FBCCB3162CC9C1D10075368E /* Frameworks */ = {
			isa = PBXFrameworksBuildPhase;
			buildActionMask = 2147483647;
			files = (
			);
			runOnlyForDeploymentPostprocessing = 0;
		};
/* End PBXFrameworksBuildPhase section */

/* Begin PBXGroup section */
		FBCCB2F52CC9C1CF0075368E = {
			isa = PBXGroup;
			children = (
				FBCCB3002CC9C1CF0075368E /* SegundoParcial_19475 */,
				FBCCB3122CC9C1D10075368E /* SegundoParcial_19475Tests */,
				FBCCB31C2CC9C1D10075368E /* SegundoParcial_19475UITests */,
				FBCCB2FF2CC9C1CF0075368E /* Products */,
			);
			sourceTree = "<group>";
		};
		FBCCB2FF2CC9C1CF0075368E /* Products */ = {
			isa = PBXGroup;
			children = (
				FBCCB2FE2CC9C1CF0075368E /* SegundoParcial_19475.app */,
				FBCCB30F2CC9C1D10075368E /* SegundoParcial_19475Tests.xctest */,
				FBCCB3192CC9C1D10075368E /* SegundoParcial_19475UITests.xctest */,
			);
			name = Products;
			sourceTree = "<group>";
		};
/* End PBXGroup section */

/* Begin PBXNativeTarget section */
		FBCCB2FD2CC9C1CF0075368E /* SegundoParcial_19475 */ = {
			isa = PBXNativeTarget;
			buildConfigurationList = FBCCB3232CC9C1D10075368E /* Build configuration list for PBXNativeTarget "SegundoParcial_19475" */;
			buildPhases = (
				FBCCB2FA2CC9C1CF0075368E /* Sources */,
				FBCCB2FB2CC9C1CF0075368E /* Frameworks */,
				FBCCB2FC2CC9C1CF0075368E /* Resources */,
			);
			buildRules = (
			);
			dependencies = (
			);
			fileSystemSynchronizedGroups = (
				FBCCB3002CC9C1CF0075368E /* SegundoParcial_19475 */,
			);
			name = SegundoParcial_19475;
			packageProductDependencies = (
			);
			productName = SegundoParcial_19475;
			productReference = FBCCB2FE2CC9C1CF0075368E /* SegundoParcial_19475.app */;
			productType = "com.apple.product-type.application";
		};
		FBCCB30E2CC9C1D10075368E /* SegundoParcial_19475Tests */ = {
			isa = PBXNativeTarget;
			buildConfigurationList = FBCCB3262CC9C1D10075368E /* Build configuration list for PBXNativeTarget "SegundoParcial_19475Tests" */;
			buildPhases = (
				FBCCB30B2CC9C1D10075368E /* Sources */,
				FBCCB30C2CC9C1D10075368E /* Frameworks */,
				FBCCB30D2CC9C1D10075368E /* Resources */,
			);
			buildRules = (
			);
			dependencies = (
				FBCCB3112CC9C1D10075368E /* PBXTargetDependency */,
			);
			fileSystemSynchronizedGroups = (
				FBCCB3122CC9C1D10075368E /* SegundoParcial_19475Tests */,
			);
			name = SegundoParcial_19475Tests;
			packageProductDependencies = (
			);
			productName = SegundoParcial_19475Tests;
			productReference = FBCCB30F2CC9C1D10075368E /* SegundoParcial_19475Tests.xctest */;
			productType = "com.apple.product-type.bundle.unit-test";
		};
		FBCCB3182CC9C1D10075368E /* SegundoParcial_19475UITests */ = {
			isa = PBXNativeTarget;
			buildConfigurationList = FBCCB3292CC9C1D10075368E /* Build configuration list for PBXNativeTarget "SegundoParcial_19475UITests" */;
			buildPhases = (
				FBCCB3152CC9C1D10075368E /* Sources */,
				FBCCB3162CC9C1D10075368E /* Frameworks */,
				FBCCB3172CC9C1D10075368E /* Resources */,
			);
			buildRules = (
			);
			dependencies = (
				FBCCB31B2CC9C1D10075368E /* PBXTargetDependency */,
			);
			fileSystemSynchronizedGroups = (
				FBCCB31C2CC9C1D10075368E /* SegundoParcial_19475UITests */,
			);
			name = SegundoParcial_19475UITests;
			packageProductDependencies = (
			);
			productName = SegundoParcial_19475UITests;
			productReference = FBCCB3192CC9C1D10075368E /* SegundoParcial_19475UITests.xctest */;
			productType = "com.apple.product-type.bundle.ui-testing";
		};
/* End PBXNativeTarget section */

/* Begin PBXProject section */
		FBCCB2F62CC9C1CF0075368E /* Project object */ = {
			isa = PBXProject;
			attributes = {
				BuildIndependentTargetsInParallel = 1;
				LastSwiftUpdateCheck = 1600;
				LastUpgradeCheck = 1600;
				TargetAttributes = {
					FBCCB2FD2CC9C1CF0075368E = {
						CreatedOnToolsVersion = 16.0;
					};
					FBCCB30E2CC9C1D10075368E = {
						CreatedOnToolsVersion = 16.0;
						TestTargetID = FBCCB2FD2CC9C1CF0075368E;
					};
					FBCCB3182CC9C1D10075368E = {
						CreatedOnToolsVersion = 16.0;
						TestTargetID = FBCCB2FD2CC9C1CF0075368E;
					};
				};
			};
			buildConfigurationList = FBCCB2F92CC9C1CF0075368E /* Build configuration list for PBXProject "SegundoParcial_19475" */;
			developmentRegion = en;
			hasScannedForEncodings = 0;
			knownRegions = (
				en,
				Base,
			);
			mainGroup = FBCCB2F52CC9C1CF0075368E;
			minimizedProjectReferenceProxies = 1;
			preferredProjectObjectVersion = 77;
			productRefGroup = FBCCB2FF2CC9C1CF0075368E /* Products */;
			projectDirPath = "";
			projectRoot = "";
			targets = (
				FBCCB2FD2CC9C1CF0075368E /* SegundoParcial_19475 */,
				FBCCB30E2CC9C1D10075368E /* SegundoParcial_19475Tests */,
				FBCCB3182CC9C1D10075368E /* SegundoParcial_19475UITests */,
			);
		};
/* End PBXProject section */

/* Begin PBXResourcesBuildPhase section */
		FBCCB2FC2CC9C1CF0075368E /* Resources */ = {
			isa = PBXResourcesBuildPhase;
			buildActionMask = 2147483647;
			files = (
			);
			runOnlyForDeploymentPostprocessing = 0;
		};
		FBCCB30D2CC9C1D10075368E /* Resources */ = {
			isa = PBXResourcesBuildPhase;
			buildActionMask = 2147483647;
			files = (
			);
			runOnlyForDeploymentPostprocessing = 0;
		};
		FBCCB3172CC9C1D10075368E /* Resources */ = {
			isa = PBXResourcesBuildPhase;
			buildActionMask = 2147483647;
			files = (
			);
			runOnlyForDeploymentPostprocessing = 0;
		};
/* End PBXResourcesBuildPhase section */

/* Begin PBXSourcesBuildPhase section */
		FBCCB2FA2CC9C1CF0075368E /* Sources */ = {
			isa = PBXSourcesBuildPhase;
			buildActionMask = 2147483647;
			files = (
			);
			runOnlyForDeploymentPostprocessing = 0;
		};
		FBCCB30B2CC9C1D10075368E /* Sources */ = {
			isa = PBXSourcesBuildPhase;
			buildActionMask = 2147483647;
			files = (
			);
			runOnlyForDeploymentPostprocessing = 0;
		};
		FBCCB3152CC9C1D10075368E /* Sources */ = {
			isa = PBXSourcesBuildPhase;
			buildActionMask = 2147483647;
			files = (
			);
			runOnlyForDeploymentPostprocessing = 0;
		};
/* End PBXSourcesBuildPhase section */

/* Begin PBXTargetDependency section */
		FBCCB3112CC9C1D10075368E /* PBXTargetDependency */ = {
			isa = PBXTargetDependency;
			target = FBCCB2FD2CC9C1CF0075368E /* SegundoParcial_19475 */;
			targetProxy = FBCCB3102CC9C1D10075368E /* PBXContainerItemProxy */;
		};
		FBCCB31B2CC9C1D10075368E /* PBXTargetDependency */ = {
			isa = PBXTargetDependency;
			target = FBCCB2FD2CC9C1CF0075368E /* SegundoParcial_19475 */;
			targetProxy = FBCCB31A2CC9C1D10075368E /* PBXContainerItemProxy */;
		};
/* End PBXTargetDependency section */

/* Begin XCBuildConfiguration section */
		FBCCB3212CC9C1D10075368E /* Debug */ = {
			isa = XCBuildConfiguration;
			buildSettings = {
				ALWAYS_SEARCH_USER_PATHS = NO;
				ASSETCATALOG_COMPILER_GENERATE_SWIFT_ASSET_SYMBOL_EXTENSIONS = YES;
				CLANG_ANALYZER_NONNULL = YES;
				CLANG_ANALYZER_NUMBER_OBJECT_CONVERSION = YES_AGGRESSIVE;
				CLANG_CXX_LANGUAGE_STANDARD = "gnu++20";
				CLANG_ENABLE_MODULES = YES;
				CLANG_ENABLE_OBJC_ARC = YES;
				CLANG_ENABLE_OBJC_WEAK = YES;
				CLANG_WARN_BLOCK_CAPTURE_AUTORELEASING = YES;
				CLANG_WARN_BOOL_CONVERSION = YES;
				CLANG_WARN_COMMA = YES;
				CLANG_WARN_CONSTANT_CONVERSION = YES;
				CLANG_WARN_DEPRECATED_OBJC_IMPLEMENTATIONS = YES;
				CLANG_WARN_DIRECT_OBJC_ISA_USAGE = YES_ERROR;
				CLANG_WARN_DOCUMENTATION_COMMENTS = YES;
				CLANG_WARN_EMPTY_BODY = YES;
				CLANG_WARN_ENUM_CONVERSION = YES;
				CLANG_WARN_INFINITE_RECURSION = YES;
				CLANG_WARN_INT_CONVERSION = YES;
				CLANG_WARN_NON_LITERAL_NULL_CONVERSION = YES;
				CLANG_WARN_OBJC_IMPLICIT_RETAIN_SELF = YES;
				CLANG_WARN_OBJC_LITERAL_CONVERSION = YES;
				CLANG_WARN_OBJC_ROOT_CLASS = YES_ERROR;
				CLANG_WARN_QUOTED_INCLUDE_IN_FRAMEWORK_HEADER = YES;
				CLANG_WARN_RANGE_LOOP_ANALYSIS = YES;
				CLANG_WARN_STRICT_PROTOTYPES = YES;
				CLANG_WARN_SUSPICIOUS_MOVE = YES;
				CLANG_WARN_UNGUARDED_AVAILABILITY = YES_AGGRESSIVE;
				CLANG_WARN_UNREACHABLE_CODE = YES;
				CLANG_WARN__DUPLICATE_METHOD_MATCH = YES;
				COPY_PHASE_STRIP = NO;
				DEBUG_INFORMATION_FORMAT = dwarf;
				ENABLE_STRICT_OBJC_MSGSEND = YES;
				ENABLE_TESTABILITY = YES;
				ENABLE_USER_SCRIPT_SANDBOXING = YES;
				GCC_C_LANGUAGE_STANDARD = gnu17;
				GCC_DYNAMIC_NO_PIC = NO;
				GCC_NO_COMMON_BLOCKS = YES;
				GCC_OPTIMIZATION_LEVEL = 0;
				GCC_PREPROCESSOR_DEFINITIONS = (
					"DEBUG=1",
					"$(inherited)",
				);
				GCC_WARN_64_TO_32_BIT_CONVERSION = YES;
				GCC_WARN_ABOUT_RETURN_TYPE = YES_ERROR;
				GCC_WARN_UNDECLARED_SELECTOR = YES;
				GCC_WARN_UNINITIALIZED_AUTOS = YES_AGGRESSIVE;
				GCC_WARN_UNUSED_FUNCTION = YES;
				GCC_WARN_UNUSED_VARIABLE = YES;
				LOCALIZATION_PREFERS_STRING_CATALOGS = YES;
				MTL_ENABLE_DEBUG_INFO = INCLUDE_SOURCE;
				MTL_FAST_MATH = YES;
				ONLY_ACTIVE_ARCH = YES;
				SWIFT_ACTIVE_COMPILATION_CONDITIONS = "DEBUG $(inherited)";
				SWIFT_OPTIMIZATION_LEVEL = "-Onone";
			};
			name = Debug;
		};
		FBCCB3222CC9C1D10075368E /* Release */ = {
			isa = XCBuildConfiguration;
			buildSettings = {
				ALWAYS_SEARCH_USER_PATHS = NO;
				ASSETCATALOG_COMPILER_GENERATE_SWIFT_ASSET_SYMBOL_EXTENSIONS = YES;
				CLANG_ANALYZER_NONNULL = YES;
				CLANG_ANALYZER_NUMBER_OBJECT_CONVERSION = YES_AGGRESSIVE;
				CLANG_CXX_LANGUAGE_STANDARD = "gnu++20";
				CLANG_ENABLE_MODULES = YES;
				CLANG_ENABLE_OBJC_ARC = YES;
				CLANG_ENABLE_OBJC_WEAK = YES;
				CLANG_WARN_BLOCK_CAPTURE_AUTORELEASING = YES;
				CLANG_WARN_BOOL_CONVERSION = YES;
				CLANG_WARN_COMMA = YES;
				CLANG_WARN_CONSTANT_CONVERSION = YES;
				CLANG_WARN_DEPRECATED_OBJC_IMPLEMENTATIONS = YES;
				CLANG_WARN_DIRECT_OBJC_ISA_USAGE = YES_ERROR;
				CLANG_WARN_DOCUMENTATION_COMMENTS = YES;
				CLANG_WARN_EMPTY_BODY = YES;
				CLANG_WARN_ENUM_CONVERSION = YES;
				CLANG_WARN_INFINITE_RECURSION = YES;
				CLANG_WARN_INT_CONVERSION = YES;
				CLANG_WARN_NON_LITERAL_NULL_CONVERSION = YES;
				CLANG_WARN_OBJC_IMPLICIT_RETAIN_SELF = YES;
				CLANG_WARN_OBJC_LITERAL_CONVERSION = YES;
				CLANG_WARN_OBJC_ROOT_CLASS = YES_ERROR;
				CLANG_WARN_QUOTED_INCLUDE_IN_FRAMEWORK_HEADER = YES;
				CLANG_WARN_RANGE_LOOP_ANALYSIS = YES;
				CLANG_WARN_STRICT_PROTOTYPES = YES;
				CLANG_WARN_SUSPICIOUS_MOVE = YES;
				CLANG_WARN_UNGUARDED_AVAILABILITY = YES_AGGRESSIVE;
				CLANG_WARN_UNREACHABLE_CODE = YES;
				CLANG_WARN__DUPLICATE_METHOD_MATCH = YES;
				COPY_PHASE_STRIP = NO;
				DEBUG_INFORMATION_FORMAT = "dwarf-with-dsym";
				ENABLE_NS_ASSERTIONS = NO;
				ENABLE_STRICT_OBJC_MSGSEND = YES;
				ENABLE_USER_SCRIPT_SANDBOXING = YES;
				GCC_C_LANGUAGE_STANDARD = gnu17;
				GCC_NO_COMMON_BLOCKS = YES;
				GCC_WARN_64_TO_32_BIT_CONVERSION = YES;
				GCC_WARN_ABOUT_RETURN_TYPE = YES_ERROR;
				GCC_WARN_UNDECLARED_SELECTOR = YES;
				GCC_WARN_UNINITIALIZED_AUTOS = YES_AGGRESSIVE;
				GCC_WARN_UNUSED_FUNCTION = YES;
				GCC_WARN_UNUSED_VARIABLE = YES;
				LOCALIZATION_PREFERS_STRING_CATALOGS = YES;
				MTL_ENABLE_DEBUG_INFO = NO;
				MTL_FAST_MATH = YES;
				SWIFT_COMPILATION_MODE = wholemodule;
			};
			name = Release;
		};
		FBCCB3242CC9C1D10075368E /* Debug */ = {
			isa = XCBuildConfiguration;
			buildSettings = {
				ASSETCATALOG_COMPILER_APPICON_NAME = AppIcon;
				ASSETCATALOG_COMPILER_GLOBAL_ACCENT_COLOR_NAME = AccentColor;
				CODE_SIGN_ENTITLEMENTS = SegundoParcial_19475/SegundoParcial_19475.entitlements;
				CODE_SIGN_STYLE = Automatic;
				CURRENT_PROJECT_VERSION = 1;
				DEVELOPMENT_ASSET_PATHS = "\"SegundoParcial_19475/Preview Content\"";
				ENABLE_PREVIEWS = YES;
				GENERATE_INFOPLIST_FILE = YES;
				"INFOPLIST_KEY_UIApplicationSceneManifest_Generation[sdk=iphoneos*]" = YES;
				"INFOPLIST_KEY_UIApplicationSceneManifest_Generation[sdk=iphonesimulator*]" = YES;
				"INFOPLIST_KEY_UIApplicationSupportsIndirectInputEvents[sdk=iphoneos*]" = YES;
				"INFOPLIST_KEY_UIApplicationSupportsIndirectInputEvents[sdk=iphonesimulator*]" = YES;
				"INFOPLIST_KEY_UILaunchScreen_Generation[sdk=iphoneos*]" = YES;
				"INFOPLIST_KEY_UILaunchScreen_Generation[sdk=iphonesimulator*]" = YES;
				"INFOPLIST_KEY_UIStatusBarStyle[sdk=iphoneos*]" = UIStatusBarStyleDefault;
				"INFOPLIST_KEY_UIStatusBarStyle[sdk=iphonesimulator*]" = UIStatusBarStyleDefault;
				INFOPLIST_KEY_UISupportedInterfaceOrientations_iPad = "UIInterfaceOrientationPortrait UIInterfaceOrientationPortraitUpsideDown UIInterfaceOrientationLandscapeLeft UIInterfaceOrientationLandscapeRight";
				INFOPLIST_KEY_UISupportedInterfaceOrientations_iPhone = "UIInterfaceOrientationPortrait UIInterfaceOrientationLandscapeLeft UIInterfaceOrientationLandscapeRight";
				IPHONEOS_DEPLOYMENT_TARGET = 18.0;
				LD_RUNPATH_SEARCH_PATHS = "@executable_path/Frameworks";
				"LD_RUNPATH_SEARCH_PATHS[sdk=macosx*]" = "@executable_path/../Frameworks";
				MACOSX_DEPLOYMENT_TARGET = 14.6;
				MARKETING_VERSION = 1.0;
				PRODUCT_BUNDLE_IDENTIFIER = "iest.edu.SegundoParcial-19475";
				PRODUCT_NAME = "$(TARGET_NAME)";
				SDKROOT = auto;
				SUPPORTED_PLATFORMS = "iphoneos iphonesimulator macosx xros xrsimulator";
				SWIFT_EMIT_LOC_STRINGS = YES;
				SWIFT_VERSION = 5.0;
				TARGETED_DEVICE_FAMILY = "1,2,7";
				XROS_DEPLOYMENT_TARGET = 2.0;
			};
			name = Debug;
		};
		FBCCB3252CC9C1D10075368E /* Release */ = {
			isa = XCBuildConfiguration;
			buildSettings = {
				ASSETCATALOG_COMPILER_APPICON_NAME = AppIcon;
				ASSETCATALOG_COMPILER_GLOBAL_ACCENT_COLOR_NAME = AccentColor;
				CODE_SIGN_ENTITLEMENTS = SegundoParcial_19475/SegundoParcial_19475.entitlements;
				CODE_SIGN_STYLE = Automatic;
				CURRENT_PROJECT_VERSION = 1;
				DEVELOPMENT_ASSET_PATHS = "\"SegundoParcial_19475/Preview Content\"";
				ENABLE_PREVIEWS = YES;
				GENERATE_INFOPLIST_FILE = YES;
				"INFOPLIST_KEY_UIApplicationSceneManifest_Generation[sdk=iphoneos*]" = YES;
				"INFOPLIST_KEY_UIApplicationSceneManifest_Generation[sdk=iphonesimulator*]" = YES;
				"INFOPLIST_KEY_UIApplicationSupportsIndirectInputEvents[sdk=iphoneos*]" = YES;
				"INFOPLIST_KEY_UIApplicationSupportsIndirectInputEvents[sdk=iphonesimulator*]" = YES;
				"INFOPLIST_KEY_UILaunchScreen_Generation[sdk=iphoneos*]" = YES;
				"INFOPLIST_KEY_UILaunchScreen_Generation[sdk=iphonesimulator*]" = YES;
				"INFOPLIST_KEY_UIStatusBarStyle[sdk=iphoneos*]" = UIStatusBarStyleDefault;
				"INFOPLIST_KEY_UIStatusBarStyle[sdk=iphonesimulator*]" = UIStatusBarStyleDefault;
				INFOPLIST_KEY_UISupportedInterfaceOrientations_iPad = "UIInterfaceOrientationPortrait UIInterfaceOrientationPortraitUpsideDown UIInterfaceOrientationLandscapeLeft UIInterfaceOrientationLandscapeRight";
				INFOPLIST_KEY_UISupportedInterfaceOrientations_iPhone = "UIInterfaceOrientationPortrait UIInterfaceOrientationLandscapeLeft UIInterfaceOrientationLandscapeRight";
				IPHONEOS_DEPLOYMENT_TARGET = 18.0;
				LD_RUNPATH_SEARCH_PATHS = "@executable_path/Frameworks";
				"LD_RUNPATH_SEARCH_PATHS[sdk=macosx*]" = "@executable_path/../Frameworks";
				MACOSX_DEPLOYMENT_TARGET = 14.6;
				MARKETING_VERSION = 1.0;
				PRODUCT_BUNDLE_IDENTIFIER = "iest.edu.SegundoParcial-19475";
				PRODUCT_NAME = "$(TARGET_NAME)";
				SDKROOT = auto;
				SUPPORTED_PLATFORMS = "iphoneos iphonesimulator macosx xros xrsimulator";
				SWIFT_EMIT_LOC_STRINGS = YES;
				SWIFT_VERSION = 5.0;
				TARGETED_DEVICE_FAMILY = "1,2,7";
				XROS_DEPLOYMENT_TARGET = 2.0;
			};
			name = Release;
		};
		FBCCB3272CC9C1D10075368E /* Debug */ = {
			isa = XCBuildConfiguration;
			buildSettings = {
				BUNDLE_LOADER = "$(TEST_HOST)";
				CODE_SIGN_STYLE = Automatic;
				CURRENT_PROJECT_VERSION = 1;
				GENERATE_INFOPLIST_FILE = YES;
				IPHONEOS_DEPLOYMENT_TARGET = 18.0;
				MACOSX_DEPLOYMENT_TARGET = 14.6;
				MARKETING_VERSION = 1.0;
				PRODUCT_BUNDLE_IDENTIFIER = "iest.edu.SegundoParcial-19475Tests";
				PRODUCT_NAME = "$(TARGET_NAME)";
				SDKROOT = auto;
				SUPPORTED_PLATFORMS = "iphoneos iphonesimulator macosx xros xrsimulator";
				SWIFT_EMIT_LOC_STRINGS = NO;
				SWIFT_VERSION = 5.0;
				TARGETED_DEVICE_FAMILY = "1,2,7";
				TEST_HOST = "$(BUILT_PRODUCTS_DIR)/SegundoParcial_19475.app/$(BUNDLE_EXECUTABLE_FOLDER_PATH)/SegundoParcial_19475";
				XROS_DEPLOYMENT_TARGET = 2.0;
			};
			name = Debug;
		};
		FBCCB3282CC9C1D10075368E /* Release */ = {
			isa = XCBuildConfiguration;
			buildSettings = {
				BUNDLE_LOADER = "$(TEST_HOST)";
				CODE_SIGN_STYLE = Automatic;
				CURRENT_PROJECT_VERSION = 1;
				GENERATE_INFOPLIST_FILE = YES;
				IPHONEOS_DEPLOYMENT_TARGET = 18.0;
				MACOSX_DEPLOYMENT_TARGET = 14.6;
				MARKETING_VERSION = 1.0;
				PRODUCT_BUNDLE_IDENTIFIER = "iest.edu.SegundoParcial-19475Tests";
				PRODUCT_NAME = "$(TARGET_NAME)";
				SDKROOT = auto;
				SUPPORTED_PLATFORMS = "iphoneos iphonesimulator macosx xros xrsimulator";
				SWIFT_EMIT_LOC_STRINGS = NO;
				SWIFT_VERSION = 5.0;
				TARGETED_DEVICE_FAMILY = "1,2,7";
				TEST_HOST = "$(BUILT_PRODUCTS_DIR)/SegundoParcial_19475.app/$(BUNDLE_EXECUTABLE_FOLDER_PATH)/SegundoParcial_19475";
				XROS_DEPLOYMENT_TARGET = 2.0;
			};
			name = Release;
		};
		FBCCB32A2CC9C1D10075368E /* Debug */ = {
			isa = XCBuildConfiguration;
			buildSettings = {
				CODE_SIGN_STYLE = Automatic;
				CURRENT_PROJECT_VERSION = 1;
				GENERATE_INFOPLIST_FILE = YES;
				IPHONEOS_DEPLOYMENT_TARGET = 18.0;
				MACOSX_DEPLOYMENT_TARGET = 14.6;
				MARKETING_VERSION = 1.0;
				PRODUCT_BUNDLE_IDENTIFIER = "iest.edu.SegundoParcial-19475UITests";
				PRODUCT_NAME = "$(TARGET_NAME)";
				SDKROOT = auto;
				SUPPORTED_PLATFORMS = "iphoneos iphonesimulator macosx xros xrsimulator";
				SWIFT_EMIT_LOC_STRINGS = NO;
				SWIFT_VERSION = 5.0;
				TARGETED_DEVICE_FAMILY = "1,2,7";
				TEST_TARGET_NAME = SegundoParcial_19475;
				XROS_DEPLOYMENT_TARGET = 2.0;
			};
			name = Debug;
		};
		FBCCB32B2CC9C1D10075368E /* Release */ = {
			isa = XCBuildConfiguration;
			buildSettings = {
				CODE_SIGN_STYLE = Automatic;
				CURRENT_PROJECT_VERSION = 1;
				GENERATE_INFOPLIST_FILE = YES;
				IPHONEOS_DEPLOYMENT_TARGET = 18.0;
				MACOSX_DEPLOYMENT_TARGET = 14.6;
				MARKETING_VERSION = 1.0;
				PRODUCT_BUNDLE_IDENTIFIER = "iest.edu.SegundoParcial-19475UITests";
				PRODUCT_NAME = "$(TARGET_NAME)";
				SDKROOT = auto;
				SUPPORTED_PLATFORMS = "iphoneos iphonesimulator macosx xros xrsimulator";
				SWIFT_EMIT_LOC_STRINGS = NO;
				SWIFT_VERSION = 5.0;
				TARGETED_DEVICE_FAMILY = "1,2,7";
				TEST_TARGET_NAME = SegundoParcial_19475;
				XROS_DEPLOYMENT_TARGET = 2.0;
			};
			name = Release;
		};
/* End XCBuildConfiguration section */

/* Begin XCConfigurationList section */
		FBCCB2F92CC9C1CF0075368E /* Build configuration list for PBXProject "SegundoParcial_19475" */ = {
			isa = XCConfigurationList;
			buildConfigurations = (
				FBCCB3212CC9C1D10075368E /* Debug */,
				FBCCB3222CC9C1D10075368E /* Release */,
			);
			defaultConfigurationIsVisible = 0;
			defaultConfigurationName = Release;
		};
		FBCCB3232CC9C1D10075368E /* Build configuration list for PBXNativeTarget "SegundoParcial_19475" */ = {
			isa = XCConfigurationList;
			buildConfigurations = (
				FBCCB3242CC9C1D10075368E /* Debug */,
				FBCCB3252CC9C1D10075368E /* Release */,
			);
			defaultConfigurationIsVisible = 0;
			defaultConfigurationName = Release;
		};
		FBCCB3262CC9C1D10075368E /* Build configuration list for PBXNativeTarget "SegundoParcial_19475Tests" */ = {
			isa = XCConfigurationList;
			buildConfigurations = (
				FBCCB3272CC9C1D10075368E /* Debug */,
				FBCCB3282CC9C1D10075368E /* Release */,
			);
			defaultConfigurationIsVisible = 0;
			defaultConfigurationName = Release;
		};
		FBCCB3292CC9C1D10075368E /* Build configuration list for PBXNativeTarget "SegundoParcial_19475UITests" */ = {
			isa = XCConfigurationList;
			buildConfigurations = (
				FBCCB32A2CC9C1D10075368E /* Debug */,
				FBCCB32B2CC9C1D10075368E /* Release */,
			);
			defaultConfigurationIsVisible = 0;
			defaultConfigurationName = Release;
		};
/* End XCConfigurationList section */
	};
	rootObject = FBCCB2F62CC9C1CF0075368E /* Project object */;
}
